
Microsoft Visual Studio Solution File, Format Version 12.00
# Visual Studio 15
VisualStudioVersion = 15.0.28307.106
MinimumVisualStudioVersion = 10.0.40219.1
Project("{9A19103F-16F7-4668-BE54-9A1E7A4F7556}") = "TheOne", "TheOne\TheOne.csproj", "{012318F5-A186-4D4E-9291-93F31C9D9549}"
EndProject
Project("{9A19103F-16F7-4668-BE54-9A1E7A4F7556}") = "DapperExtension", "DapperExtension\DapperExtension.csproj", "{BFD08C6C-BDF3-4496-BE69-728F013F59FB}"
EndProject
Project("{9A19103F-16F7-4668-BE54-9A1E7A4F7556}") = "DapperExtensions", "DapperExtensions\DapperExtensions.csproj", "{162142FE-AA45-41D1-B077-8EE3CC8F66DB}"
EndProject
Global
	GlobalSection(SolutionConfigurationPlatforms) = preSolution
		Debug|Any CPU = Debug|Any CPU
		Debug|x64 = Debug|x64
		Debug|x86 = Debug|x86
		Release|Any CPU = Release|Any CPU
		Release|x64 = Release|x64
		Release|x86 = Release|x86
	EndGlobalSection
	GlobalSection(ProjectConfigurationPlatforms) = postSolution
		{012318F5-A186-4D4E-9291-93F31C9D9549}.Debug|Any CPU.ActiveCfg = Debug|Any CPU
		{012318F5-A186-4D4E-9291-93F31C9D9549}.Debug|Any CPU.Build.0 = Debug|Any CPU
		{012318F5-A186-4D4E-9291-93F31C9D9549}.Debug|x64.ActiveCfg = Debug|Any CPU
		{012318F5-A186-4D4E-9291-93F31C9D9549}.Debug|x64.Build.0 = Debug|Any CPU
		{012318F5-A186-4D4E-9291-93F31C9D9549}.Debug|x86.ActiveCfg = Debug|Any CPU
		{012318F5-A186-4D4E-9291-93F31C9D9549}.Debug|x86.Build.0 = Debug|Any CPU
		{012318F5-A186-4D4E-9291-93F31C9D9549}.Release|Any CPU.ActiveCfg = Release|Any CPU
		{012318F5-A186-4D4E-9291-93F31C9D9549}.Release|Any CPU.Build.0 = Release|Any CPU
		{012318F5-A186-4D4E-9291-93F31C9D9549}.Release|x64.ActiveCfg = Release|Any CPU
		{012318F5-A186-4D4E-9291-93F31C9D9549}.Release|x64.Build.0 = Release|Any CPU
		{012318F5-A186-4D4E-9291-93F31C9D9549}.Release|x86.ActiveCfg = Release|Any CPU
		{012318F5-A186-4D4E-9291-93F31C9D9549}.Release|x86.Build.0 = Release|Any CPU
		{BFD08C6C-BDF3-4496-BE69-728F013F59FB}.Debug|Any CPU.ActiveCfg = Debug|Any CPU
		{BFD08C6C-BDF3-4496-BE69-728F013F59FB}.Debug|Any CPU.Build.0 = Debug|Any CPU
		{BFD08C6C-BDF3-4496-BE69-728F013F59FB}.Debug|x64.ActiveCfg = Debug|Any CPU
		{BFD08C6C-BDF3-4496-BE69-728F013F59FB}.Debug|x64.Build.0 = Debug|Any CPU
		{BFD08C6C-BDF3-4496-BE69-728F013F59FB}.Debug|x86.ActiveCfg = Debug|Any CPU
		{BFD08C6C-BDF3-4496-BE69-728F013F59FB}.Debug|x86.Build.0 = Debug|Any CPU
		{BFD08C6C-BDF3-4496-BE69-728F013F59FB}.Release|Any CPU.ActiveCfg = Release|Any CPU
		{BFD08C6C-BDF3-4496-BE69-728F013F59FB}.Release|Any CPU.Build.0 = Release|Any CPU
		{BFD08C6C-BDF3-4496-BE69-728F013F59FB}.Release|x64.ActiveCfg = Release|Any CPU
		{BFD08C6C-BDF3-4496-BE69-728F013F59FB}.Release|x64.Build.0 = Release|Any CPU
		{BFD08C6C-BDF3-4496-BE69-728F013F59FB}.Release|x86.ActiveCfg = Release|Any CPU
		{BFD08C6C-BDF3-4496-BE69-728F013F59FB}.Release|x86.Build.0 = Release|Any CPU
		{162142FE-AA45-41D1-B077-8EE3CC8F66DB}.Debug|Any CPU.ActiveCfg = Debug|Any CPU
		{162142FE-AA45-41D1-B077-8EE3CC8F66DB}.Debug|Any CPU.Build.0 = Debug|Any CPU
		{162142FE-AA45-41D1-B077-8EE3CC8F66DB}.Debug|x64.ActiveCfg = Debug|x64
		{162142FE-AA45-41D1-B077-8EE3CC8F66DB}.Debug|x64.Build.0 = Debug|x64
		{162142FE-AA45-41D1-B077-8EE3CC8F66DB}.Debug|x86.ActiveCfg = Debug|x86
		{162142FE-AA45-41D1-B077-8EE3CC8F66DB}.Debug|x86.Build.0 = Debug|x86
		{162142FE-AA45-41D1-B077-8EE3CC8F66DB}.Release|Any CPU.ActiveCfg = Release|Any CPU
		{162142FE-AA45-41D1-B077-8EE3CC8F66DB}.Release|Any CPU.Build.0 = Release|Any CPU
		{162142FE-AA45-41D1-B077-8EE3CC8F66DB}.Release|x64.ActiveCfg = Release|x64
		{162142FE-AA45-41D1-B077-8EE3CC8F66DB}.Release|x64.Build.0 = Release|x64
		{162142FE-AA45-41D1-B077-8EE3CC8F66DB}.Release|x86.ActiveCfg = Release|x86
		{162142FE-AA45-41D1-B077-8EE3CC8F66DB}.Release|x86.Build.0 = Release|x86
	EndGlobalSection
	GlobalSection(SolutionProperties) = preSolution
		HideSolutionNode = FALSE
	EndGlobalSection
	GlobalSection(ExtensibilityGlobals) = postSolution
		SolutionGuid = {44F4DA2D-C58C-4212-BC04-C5832F7D17F5}
	EndGlobalSection
EndGlobal
